Microsoft Visual Studio Solution File, Format Version 12.00
# Visual Studio Version 17
VisualStudioVersion = 17.5.2.0
MinimumVisualStudioVersion = 10.0.40219.1
Project("{FAE04EC0-301F-11D3-BF4B-00C04F79EFBC}") = "RetailInventory", "RetailInventory.csproj", "{BB1284F6-CC2B-B546-5500-F90E6EC03FDB}"
EndProject
Global
	GlobalSection(SolutionConfigurationPlatforms) = preSolution
		Debug|Any CPU = Debug|Any CPU
		Release|Any CPU = Release|Any CPU
	EndGlobalSection
	GlobalSection(ProjectConfigurationPlatforms) = postSolution
		{BB1284F6-CC2B-B546-5500-F90E6EC03FDB}.Debug|Any CPU.ActiveCfg = Debug|Any CPU
		{BB1284F6-CC2B-B546-5500-F90E6EC03FDB}.Debug|Any CPU.Build.0 = Debug|Any CPU
		{BB1284F6-CC2B-B546-5500-F90E6EC03FDB}.Release|Any CPU.ActiveCfg = Release|Any CPU
		{BB1284F6-CC2B-B546-5500-F90E6EC03FDB}.Release|Any CPU.Build.0 = Release|Any CPU
	EndGlobalSection
	GlobalSection(SolutionProperties) = preSolution
		HideSolutionNode = FALSE
	EndGlobalSection
	GlobalSection(ExtensibilityGlobals) = postSolution
		SolutionGuid = {45BADEF5-7F35-4734-A231-376686525E07}
	EndGlobalSection
EndGlobal
